version = 1
revision = 5
requires-python = "==3.12.*"

[[package]]
name = "annotated-doc"
version = "0.0.5"
source = { registry = "https://pypi.org/simple" }
sdist = { url = "https://files.pythonhosted.org/packages/5a/8e/38aa427ed5402449e226975b649c5dc73ccadfefeb95e6aecb8f8ea4b6b6/annotated_doc-0.0.5.tar.gz", hash = "sha256:c7e58ce09192557605d8bbd92836d7e1d520ac9580096042c0bfd197efacf1bb", size = 10758, upload-time = "2026-07-28T13:50:58.129Z" }
wheels = [
    { url = "https://files.pythonhosted.org/packages/3e/30/e900b21425a860e195f32e37657aa1f7c7f2b1bfb26f03ca209b90933c06/annotated_doc-0.0.5-py3-none-any.whl", hash = "sha256:117bac03a25ede5df5440e855b32d556049ca169ead221505badf432fed4b101", size = 5302, upload-time = "2026-07-28T13:50:57.239Z" },
]

[[package]]
name = "anyio"
version = "4.15.1"
source = { registry = "https://pypi.org/simple" }
dependencies = [
    { name = "idna" },
    { name = "typing-extensions" },
]
sdist = { url = "https://files.pythonhosted.org/packages/a9/d2/f4d173e22df740bc37b1db102b386ba719b66e95b0f0d751f556b387e6d2/anyio-4.15.1.tar.gz", hash = "sha256:9f28306018cbd6d329e64a36d58256edff76dd996fe423bc957326e578b82a94", size = 276966, upload-time = "2026-09-05T10:42:39.44Z" }
wheels = [
    { url = "https://files.pythonhosted.org/packages/12/b8/4bd346e22b28902df4d651910f5242c28d84e4a5c2435ca5c3f797ed7e2e/anyio-4.15.1-py3-none-any.whl", hash = "sha256:6152fdbbf9a77fdec97731721bebf7c4c44f7c29b424b0065826173efc7ed101", size = 132079, upload-time = "2026-09-05T10:42:37.923Z" },
]

[[package]]
name = "certifi"
version = "2026.7.22"
source = { registry = "https://pypi.org/simple" }
sdist = { url = "https://files.pythonhosted.org/packages/a3/c2/24167ea9858356b47a87a50d39908bfdb72ceeefe0041586e704e5376b3a/certifi-2026.7.22.tar.gz", hash = "sha256:741e2c3b351ddf169a738da9f2c048608ff7f2c5cc02f1ebc6b118bb090d5d55", size = 138112, upload-time = "2026-07-22T03:35:12.644Z" }
wheels = [
    { url = "https://files.pythonhosted.org/packages/0b/a7/71ac2cff56fec219ed242bb11b8efb69fcc4bec75db06fb7bfe35de520e6/certifi-2026.7.22-py3-none-any.whl", hash = "sha256:62f22742b58a1a33014a2b6b706588a8d7e2a88ae7bd1a6ebe8c992928483775", size = 136983, upload-time = "2026-07-22T03:35:11.276Z" },
]

[[package]]
name = "click"
version = "8.5.0"
source = { registry = "https://pypi.org/simple" }
sdist = { url = "https://files.pythonhosted.org/packages/c7/0e/7fa0ef50764b67090eca4114772a2abf8b6148198475e54c660b97caeee6/click-8.5.0.tar.gz", hash = "sha256:ba0d2089de75ea0310e2dde03160e6ca10009947fb95a182f9b54021bb272e34", size = 382235, upload-time = "2026-08-26T13:33:14.56Z" }
wheels = [
    { url = "https://files.pythonhosted.org/packages/58/50/6c0d534c5f134586a8e1ba4e330569e32f057e33372ae556463212fb4cd3/click-8.5.0-py3-none-any.whl", hash = "sha256:255bc9599cf7748b4b1a446ccc735421bd08a2ae529a8b88597d3de5664ee360", size = 125251, upload-time = "2026-08-26T13:33:12.928Z" },
]

[[package]]
name = "filelock"
version = "4.0.1"
source = { registry = "https://pypi.org/simple" }
sdist = { url = "https://files.pythonhosted.org/packages/6f/38/88cd6eda96c40594a1e3da7d8b40f04bc40ace5a6aef9ac5cb407540f173/filelock-4.0.1.tar.gz", hash = "sha256:fdefc3f3e87716d855ae2b732c1cfd521dd99799ef2b4d00e8c0d4dcdc7cc94b", size = 238888, upload-time = "2026-09-19T01:08:15.958Z" }
wheels = [
    { url = "https://files.pythonhosted.org/packages/29/33/af0635ab07fe83b1788a1dbe370ff3e226062495a998335cb18a1cac81aa/filelock-4.0.1-py3-none-any.whl", hash = "sha256:481a321a27bef441e23c53371c6abc8d7d16e26b97090074ba44f7538a3fd55a", size = 106219, upload-time = "2026-09-19T01:08:14.49Z" },
]

[[package]]
name = "fsspec"
version = "2026.9.0"
source = { registry = "https://pypi.org/simple" }
sdist = { url = "https://files.pythonhosted.org/packages/77/cd/9be253869fc42e764de7f3dedd6969af7d44ff9c3375214a3442a6f3fc08/fsspec-2026.9.0.tar.gz", hash = "sha256:0f08147951c8cb31d844c3547d631053b127863b60be04cf06e121333ee0e2fe", size = 333545, upload-time = "2026-09-18T17:50:42.825Z" }
wheels = [
    { url = "https://files.pythonhosted.org/packages/6c/c0/a98505f18594f1bce828bb159cec0fcf9860562f1a2c85913409fc8f3d9e/fsspec-2026.9.0-py3-none-any.whl", hash = "sha256:8dd6e646e99ea382bd85f97a45e6b526a442d79423a7dc673f1e2756d05fcb5f", size = 221738, upload-time = "2026-09-18T17:50:41.341Z" },
]

[[package]]
name = "h11"
version = "0.16.0"
source = { registry = "https://pypi.org/simple" }
sdist = { url = "https://files.pythonhosted.org/packages/01/ee/02a2c011bdab74c6fb3c75474d40b3052059d95df7e73351460c8588d963/h11-0.16.0.tar.gz", hash = "sha256:4e35b956cf45792e4caa5885e69fba00bdbc6ffafbfa020300e549b208ee5ff1", size = 101250, upload-time = "2025-04-24T03:35:25.427Z" }
wheels = [
    { url = "https://files.pythonhosted.org/packages/04/4b/29cac41a4d98d144bf5f6d33995617b185d14b22401f75ca86f384e87ff1/h11-0.16.0-py3-none-any.whl", hash = "sha256:63cf8bbe7522de3bf65932fda1d9c2772064ffb3dae62d55932da54b31cb6c86", size = 37515, upload-time = "2025-04-24T03:35:24.344Z" },
]

[[package]]
name = "hf-xet"
version = "1.6.0"
source = { registry = "https://pypi.org/simple" }
sdist = { url = "https://files.pythonhosted.org/packages/1b/ab/522a2ab67f27971a9d48ca666d4fca85ef7d5282d142e31fd087e27b1bbe/hf_xet-1.6.0.tar.gz", hash = "sha256:2e58454a340b3556dfa4972d5451aff4fba8dd42a236600ba1a1d2b1514f0fef", size = 920527, upload-time = "2026-08-03T22:33:13.243Z" }
wheels = [
    { url = "https://files.pythonhosted.org/packages/4b/69/55b8dcf636142ae660fec1869fcac14c4da2e8412e14d6eee1523be77e9f/hf_xet-1.6.0-cp38-abi3-macosx_11_0_arm64.whl", hash = "sha256:f0906082d9932ae0c0057fa194041c22b4e2cdb46b2592ef3b91f020d62a081a", size = 3876287, upload-time = "2026-08-03T22:33:02.251Z" },
]

[[package]]
name = "httpcore"
version = "1.0.9"
source = { registry = "https://pypi.org/simple" }
dependencies = [
    { name = "certifi" },
    { name = "h11" },
]
sdist = { url = "https://files.pythonhosted.org/packages/06/94/82699a10bca87a5556c9c59b5963f2d039dbd239f25bc2a63907a05a14cb/httpcore-1.0.9.tar.gz", hash = "sha256:6e34463af53fd2ab5d807f399a9b45ea31c3dfa2276f15a2c3f00afff6e176e8", size = 85484, upload-time = "2025-04-24T22:06:22.219Z" }
wheels = [
    { url = "https://files.pythonhosted.org/packages/7e/f5/f66802a942d491edb555dd61e3a9961140fd64c90bce1eafd741609d334d/httpcore-1.0.9-py3-none-any.whl", hash = "sha256:2d400746a40668fc9dec9810239072b40b4484b640a8c38fd654a024c7a1bf55", size = 78784, upload-time = "2025-04-24T22:06:20.566Z" },
]

[[package]]
name = "httpx"
version = "0.28.1"
source = { registry = "https://pypi.org/simple" }
dependencies = [
    { name = "anyio" },
    { name = "certifi" },
    { name = "httpcore" },
    { name = "idna" },
]
sdist = { url = "https://files.pythonhosted.org/packages/b1/df/48c586a5fe32a0f01324ee087459e112ebb7224f646c0b5023f5e79e9956/httpx-0.28.1.tar.gz", hash = "sha256:75e98c5f16b0f35b567856f597f06ff2270a374470a5c2392242528e3e3e42fc", size = 141406, upload-time = "2024-12-06T15:37:23.222Z" }
wheels = [
    { url = "https://files.pythonhosted.org/packages/2a/39/e50c7c3a983047577ee07d2a9e53faf5a69493943ec3f6a384bdc792deb2/httpx-0.28.1-py3-none-any.whl", hash = "sha256:d909fcccc110f8c7faf814ca82a9a4d816bc5a6dbfea25d6591d6985b8ba59ad", size = 73517, upload-time = "2024-12-06T15:37:21.509Z" },
]

[[package]]
name = "huggingface-hub"
version = "1.32.0"
source = { registry = "https://pypi.org/simple" }
dependencies = [
    { name = "click" },
    { name = "filelock" },
    { name = "fsspec" },
    { name = "hf-xet" },
    { name = "httpx" },
    { name = "packaging" },
    { name = "pyyaml" },
    { name = "tqdm" },
    { name = "typing-extensions" },
]
sdist = { url = "https://files.pythonhosted.org/packages/fe/0f/e83fdd856da8fca26bf78d71709ebd120432a0ce535e72b9597cab1eb5bf/huggingface_hub-1.32.0.tar.gz", hash = "sha256:ed70a45498abe86039df7c2f4e5f7575de524be908d3840e8f828d5525eafd6a", size = 1038662, upload-time = "2026-09-17T10:27:48.049Z" }
wheels = [
    { url = "https://files.pythonhosted.org/packages/1b/cf/d98dd561d6d0d7b7d7a64d1563f8aaaa7c235daee41c1c9bcc3da62420ed/huggingface_hub-1.32.0-py3-none-any.whl", hash = "sha256:b0c7c80561969d9cdacdd55fce67ba9584cca0b9d4ea80957a3a5c1445fac5c8", size = 842906, upload-time = "2026-09-17T10:27:46.102Z" },
]

[[package]]
name = "idna"
version = "3.20"
source = { registry = "https://pypi.org/simple" }
sdist = { url = "https://files.pythonhosted.org/packages/f5/08/8eea9d4b8302028f3abb2c0813953f7aec26d33b7a8960ed760e65ff29fa/idna-3.20.tar.gz", hash = "sha256:a7db850025b95ded1eae8a46181a1a6c56c92c96f0e2b005d9ff8dc0210cab44", size = 216463, upload-time = "2026-09-17T14:11:04.752Z" }
wheels = [
    { url = "https://files.pythonhosted.org/packages/58/a2/bb081bab032533a855d44de1d56f8e8426114ff1ba5d1f07a438a0a654f8/idna-3.20-py3-none-any.whl", hash = "sha256:ab7ae7122974553370f0bdb919e1a960b2cd1bc1ef0276416d896db81c14582c", size = 69583, upload-time = "2026-09-17T14:11:03.168Z" },
]

[[package]]
name = "jev-jarvis"
version = "0.6.2"
source = { virtual = "." }
dependencies = [
    { name = "numpy" },
    { name = "pyobjc-framework-applicationservices", marker = "sys_platform == 'darwin'" },
    { name = "pyobjc-framework-cocoa", marker = "sys_platform == 'darwin'" },
    { name = "pyobjc-framework-quartz", marker = "sys_platform == 'darwin'" },
    { name = "pyobjc-framework-vision", marker = "sys_platform == 'darwin'" },
]

[package.optional-dependencies]
local = [
    { name = "huggingface-hub", marker = "platform_machine == 'arm64' and sys_platform == 'darwin'" },
    { name = "laya", marker = "platform_machine == 'arm64' and sys_platform == 'darwin'" },
    { name = "torch", marker = "platform_machine == 'arm64' and sys_platform == 'darwin'" },
    { name = "transformers", marker = "platform_machine == 'arm64' and sys_platform == 'darwin'" },
]

[package.metadata]
requires-dist = [
    { name = "huggingface-hub", marker = "platform_machine == 'arm64' and sys_platform == 'darwin' and extra == 'local'", specifier = ">=1.32.0" },
    { name = "laya", marker = "platform_machine == 'arm64' and sys_platform == 'darwin' and extra == 'local'", specifier = ">=0.3.4" },
    { name = "numpy", specifier = ">=2.0" },
    { name = "pyobjc-framework-applicationservices", marker = "sys_platform == 'darwin'", specifier = ">=12.2.2" },
    { name = "pyobjc-framework-cocoa", marker = "sys_platform == 'darwin'", specifier = ">=12.2.2" },
    { name = "pyobjc-framework-quartz", marker = "sys_platform == 'darwin'", specifier = ">=12.2.2" },
    { name = "pyobjc-framework-vision", marker = "sys_platform == 'darwin'", specifier = ">=12.2.2" },
    { name = "torch", marker = "platform_machine == 'arm64' and sys_platform == 'darwin' and extra == 'local'", specifier = ">=2.14.0" },
    { name = "transformers", marker = "platform_machine == 'arm64' and sys_platform == 'darwin' and extra == 'local'", specifier = ">=5.17.0" },
]
provides-extras = ["local"]

[[package]]
name = "jinja2"
version = "3.1.6"
source = { registry = "https://pypi.org/simple" }
dependencies = [
    { name = "markupsafe" },
]
sdist = { url = "https://files.pythonhosted.org/packages/df/bf/f7da0350254c0ed7c72f3e33cef02e048281fec7ecec5f032d4aac52226b/jinja2-3.1.6.tar.gz", hash = "sha256:0137fb05990d35f1275a587e9aee6d56da821fc83491a0fb838183be43f66d6d", size = 245115, upload-time = "2025-03-05T20:05:02.478Z" }
wheels = [
    { url = "https://files.pythonhosted.org/packages/62/a1/3d680cbfd5f4b8f15abc1d571870c5fc3e594bb582bc3b64ea099db13e56/jinja2-3.1.6-py3-none-any.whl", hash = "sha256:85ece4451f492d0c13c5dd7c13a64681a86afae63a5f347908daf103ce6d2f67", size = 134899, upload-time = "2025-03-05T20:05:00.369Z" },
]

[[package]]
name = "laya"
version = "0.3.4"
source = { registry = "https://pypi.org/simple" }
dependencies = [
    { name = "huggingface-hub" },
    { name = "numpy" },
    { name = "safetensors" },
    { name = "torch" },
    { name = "transformers" },
]
sdist = { url = "https://files.pythonhosted.org/packages/64/a0/2e9f82f537ae409a176d19406ba1ae64c4e51f171359e60acb8ba0bd6440/laya-0.3.4.tar.gz", hash = "sha256:e0da594d77d2c491aedd3381757052b251a953fc27f03733dcb1c8e761246f3e", size = 49792, upload-time = "2026-09-20T01:34:41.683Z" }
wheels = [
    { url = "https://files.pythonhosted.org/packages/09/b4/0f22ac636d2545e6f4a7fcaf3a65bc2715ff1db3a667bc5b930e4f40c057/laya-0.3.4-py3-none-any.whl", hash = "sha256:8bf1c5cc5cbf6abebf63a6346b4babedd5692f88a75aa9e0cc01ed4145a9a14b", size = 34180, upload-time = "2026-09-20T01:34:40.409Z" },
]

[[package]]
name = "markdown-it-py"
version = "4.2.0"
source = { registry = "https://pypi.org/simple" }
dependencies = [
    { name = "mdurl" },
]
sdist = { url = "https://files.pythonhosted.org/packages/06/ff/7841249c247aa650a76b9ee4bbaeae59370dc8bfd2f6c01f3630c35eb134/markdown_it_py-4.2.0.tar.gz", hash = "sha256:04a21681d6fbb623de53f6f364d352309d4094dd4194040a10fd51833e418d49", size = 82454, upload-time = "2026-05-07T12:08:28.36Z" }
wheels = [
    { url = "https://files.pythonhosted.org/packages/b3/81/4da04ced5a082363ecfa159c010d200ecbd959ae410c10c0264a38cac0f5/markdown_it_py-4.2.0-py3-none-any.whl", hash = "sha256:9f7ebbcd14fe59494226453aed97c1070d83f8d24b6fc3a3bcf9a38092641c4a", size = 91687, upload-time = "2026-05-07T12:08:27.182Z" },
]

[[package]]
name = "markupsafe"
version = "3.0.3"
source = { registry = "https://pypi.org/simple" }
sdist = { url = "https://files.pythonhosted.org/packages/7e/99/7690b6d4034fffd95959cbe0c02de8deb3098cc577c67bb6a24fe5d7caa7/markupsafe-3.0.3.tar.gz", hash = "sha256:722695808f4b6457b320fdc131280796bdceb04ab50fe1795cd540799ebe1698", size = 80313, upload-time = "2025-09-27T18:37:40.426Z" }
wheels = [
    { url = "https://files.pythonhosted.org/packages/9a/81/7e4e08678a1f98521201c3079f77db69fb552acd56067661f8c2f534a718/markupsafe-3.0.3-cp312-cp312-macosx_11_0_arm64.whl", hash = "sha256:1872df69a4de6aead3491198eaf13810b565bdbeec3ae2dc8780f14458ec73ce", size = 12020, upload-time = "2025-09-27T18:36:31.971Z" },
]

[[package]]
name = "mdurl"
version = "0.1.2"
source = { registry = "https://pypi.org/simple" }
sdist = { url = "https://files.pythonhosted.org/packages/d6/54/cfe61301667036ec958cb99bd3efefba235e65cdeb9c84d24a8293ba1d90/mdurl-0.1.2.tar.gz", hash = "sha256:bb413d29f5eea38f31dd4754dd7377d4465116fb207585f97bf925588687c1ba", size = 8729, upload-time = "2022-08-14T12:40:10.846Z" }
wheels = [
    { url = "https://files.pythonhosted.org/packages/b3/38/89ba8ad64ae25be8de66a6d463314cf1eb366222074cfda9ee839c56a4b4/mdurl-0.1.2-py3-none-any.whl", hash = "sha256:84008a41e51615a49fc9966191ff91509e3c40b939176e643fd50a5c2196b8f8", size = 9979, upload-time = "2022-08-14T12:40:09.779Z" },
]

[[package]]
name = "mpmath"
version = "1.3.0"
source = { registry = "https://pypi.org/simple" }
sdist = { url = "https://files.pythonhosted.org/packages/e0/47/dd32fa426cc72114383ac549964eecb20ecfd886d1e5ccf5340b55b02f57/mpmath-1.3.0.tar.gz", hash = "sha256:7a28eb2a9774d00c7bc92411c19a89209d5da7c4c9a9e227be8330a23a25b91f", size = 508106, upload-time = "2023-03-07T16:47:11.061Z" }
wheels = [
    { url = "https://files.pythonhosted.org/packages/43/e3/7d92a15f894aa0c9c4b49b8ee9ac9850d6e63b03c9c32c0367a13ae62209/mpmath-1.3.0-py3-none-any.whl", hash = "sha256:a0b2b9fe80bbcd81a6647ff13108738cfb482d481d826cc0e02f5b35e5c88d2c", size = 536198, upload-time = "2023-03-07T16:47:09.197Z" },
]

[[package]]
name = "networkx"
version = "3.6.1"
source = { registry = "https://pypi.org/simple" }
sdist = { url = "https://files.pythonhosted.org/packages/6a/51/63fe664f3908c97be9d2e4f1158eb633317598cfa6e1fc14af5383f17512/networkx-3.6.1.tar.gz", hash = "sha256:26b7c357accc0c8cde558ad486283728b65b6a95d85ee1cd66bafab4c8168509", size = 2517025, upload-time = "2025-12-08T17:02:39.908Z" }
wheels = [
    { url = "https://files.pythonhosted.org/packages/9e/c9/b2622292ea83fbb4ec318f5b9ab867d0a28ab43c5717bb85b0a5f6b3b0a4/networkx-3.6.1-py3-none-any.whl", hash = "sha256:d47fbf302e7d9cbbb9e2555a0d267983d2aa476bac30e90dfbe5669bd57f3762", size = 2068504, upload-time = "2025-12-08T17:02:38.159Z" },
]

[[package]]
name = "numpy"
version = "2.5.3"
source = { registry = "https://pypi.org/simple" }
sdist = { url = "https://files.pythonhosted.org/packages/13/01/11703282db468b85f6f7b8c7f22d058de5970d5c7e60a3a8aaa313c3de36/numpy-2.5.3.tar.gz", hash = "sha256:df2d5874ff183595a4ba404edd04f6bd9b5505c1d7708573f6a6c17489a67563", size = 20791231, upload-time = "2026-09-06T16:27:47.073Z" }
wheels = [
    { url = "https://files.pythonhosted.org/packages/d6/50/8fdbb16af64895706a45f06a4068e29db732ec180f3c1375f14123359138/numpy-2.5.3-cp312-cp312-macosx_10_13_x86_64.whl", hash = "sha256:cb189f09db39283b26bfd061ec16189e14f71c6755207f72a0f7540867afe5b9", size = 16994982, upload-time = "2026-09-06T16:24:29.244Z" },
    { url = "https://files.pythonhosted.org/packages/60/39/789131c1188c078dcb3a1692e72e1e050c68b88ffe72c9ccaac9bcd7a9cd/numpy-2.5.3-cp312-cp312-macosx_11_0_arm64.whl", hash = "sha256:f59a878c33d6b88122d80d239bb3b845d58708750b0cb06a09aebb9b18ec696c", size = 12009327, upload-time = "2026-09-06T16:24:32.491Z" },
    { url = "https://files.pythonhosted.org/packages/9c/59/a312e95696e5f601914dd8b6dd844692ba61670807417e24b68e337b5c70/numpy-2.5.3-cp312-cp312-macosx_14_0_arm64.whl", hash = "sha256:a72f874bc9e10e4b8f80426fb49716d5141f64442a0c8418065093ec8017fbb0", size = 5445405, upload-time = "2026-09-06T16:24:35.071Z" },
    { url = "https://files.pythonhosted.org/packages/30/d0/5623a1707ed4fe16e3909fe3cf5ee3da004ae677ad23d83bbf3adf1a6faf/numpy-2.5.3-cp312-cp312-macosx_14_0_x86_64.whl", hash = "sha256:fc36dc566135b5eceec4cf89758fcb719266a019ef07dae1754ae7c9f617ef3e", size = 6783213, upload-time = "2026-09-06T16:24:37.253Z" },
    { url = "https://files.pythonhosted.org/packages/f1/32/84146fc020ad3c25f805f70ab60da46fe3c540a21369754a7e4369754b6f/numpy-2.5.3-cp312-cp312-manylinux_2_27_aarch64.manylinux_2_28_aarch64.whl", hash = "sha256:76c2c1e6bfa5c84adc6434dfbf013aa92096a7985221762c8f11fedfd20fff58", size = 15687872, upload-time = "2026-09-06T16:24:39.751Z" },
    { url = "https://files.pythonhosted.org/packages/65/af/aa78d1a88805456e212b65461354cd943197fb9acecc4c90fd12295123a3/numpy-2.5.3-cp312-cp312-manylinux_2_27_x86_64.manylinux_2_28_x86_64.whl", hash = "sha256:b7e18c623bb5c95acb3b3328861272816ba199fb531921c5d6d0b675f1fde9e3", size = 16717410, upload-time = "2026-09-06T16:24:42.745Z" },
    { url = "https://files.pythonhosted.org/packages/3b/24/faa79d865e69a97ba17473b23a1b74094b2259c03e820c70297293b9ea49/numpy-2.5.3-cp312-cp312-musllinux_1_2_aarch64.whl", hash = "sha256:4f8929ee6c96bfbd7b4ed2032e0c03af86fe1826740ab61ddabf9072d06e57ff", size = 17040975, upload-time = "2026-09-06T16:24:45.961Z" },
    { url = "https://files.pythonhosted.org/packages/62/4a/8877e629445a7176297dffcaf9c485faa96a95d81728a62521ad55bd4c0f/numpy-2.5.3-cp312-cp312-musllinux_1_2_x86_64.whl", hash = "sha256:b5d93cf48f687479941d12b69c873ad2cc76bbd487f0091c2200636497f34034", size = 18476479, upload-time = "2026-09-06T16:24:49.35Z" },
    { url = "https://files.pythonhosted.org/packages/c8/db/35e1c2d38b04cbd5b731f9d71495e055e813197669d22b612f11748d2ff9/numpy-2.5.3-cp312-cp312-win32.whl", hash = "sha256:bf63afbe037eb5d2fe87fbcc7778e61da53ebaf21d938a4515aa73b62532a5d4", size = 6133378, upload-time = "2026-09-06T16:24:51.915Z" },
    { url = "https://files.pythonhosted.org/packages/3c/a1/accf6d4f0c80c5d9ba9735d6b1550e444180599f34dec69ca01360f717ad/numpy-2.5.3-cp312-cp312-win_amd64.whl", hash = "sha256:0a59a421a32580a009e8a1751345bf829631b990dc1794b80514ab722b435def", size = 12567828, upload-time = "2026-09-06T16:24:54.255Z" },
    { url = "https://files.pythonhosted.org/packages/22/43/1764aff32e4652526ae2f71fa8b3efd8d25c8a3d6926914454e47138ed1e/numpy-2.5.3-cp312-cp312-win_arm64.whl", hash = "sha256:ccb32e0525d29e8b0572eb84c9a57af0e7a4e615726927506f55063c62414034", size = 10485432, upload-time = "2026-09-06T16:24:57.278Z" },
]

[[package]]
name = "packaging"
version = "26.3"
source = { registry = "https://pypi.org/simple" }
sdist = { url = "https://files.pythonhosted.org/packages/7d/fa/3944b40b07da9ce895c0e6303a5ab7d53da063554f534556b134a54d6093/packaging-26.3.tar.gz", hash = "sha256:94edc256424af38762eb31306eed28beb9f0efc50a8837492c9d6fd6004aed79", size = 313412, upload-time = "2026-08-04T18:15:28.737Z" }
wheels = [
    { url = "https://files.pythonhosted.org/packages/63/34/ba1c580383c9eada3711951fef0795c80b829a078d72188184bcab9dd527/packaging-26.3-py3-none-any.whl", hash = "sha256:d7193f7c8e4e93f444fde0262bf90af30e16fa0ad0ad44cb553c87339b23cd1c", size = 129956, upload-time = "2026-08-04T18:15:27.159Z" },
]

[[package]]
name = "pygments"
version = "2.21.0"
source = { registry = "https://pypi.org/simple" }
sdist = { url = "https://files.pythonhosted.org/packages/49/2e/ced460408999b33da6b31b0021b0f37d329e202d4169aeb164493778f25b/pygments-2.21.0.tar.gz", hash = "sha256:610ca751c9bc2492b38eb9a38a7fbc93edbbb2d7182edaf34e66ae493dee5c8c", size = 5005329, upload-time = "2026-08-17T08:02:48.824Z" }
wheels = [
    { url = "https://files.pythonhosted.org/packages/71/46/17f022dd3e953bf20a04a028a21ec746d942f8d2af30fa0f124fa0e6a684/pygments-2.21.0-py3-none-any.whl", hash = "sha256:2363c69b61c4a97c838da3b130dcd6468f4848992b21a82f2a63ec34377137d9", size = 1250147, upload-time = "2026-08-17T08:02:44.912Z" },
]

[[package]]
name = "pyobjc-core"
version = "12.2.2"
source = { registry = "https://pypi.org/simple" }
sdist = { url = "https://files.pythonhosted.org/packages/a5/78/abc4ce5920305780aeb36b4067a86253378b36e29ba96673a3deb02eb03a/pyobjc_core-12.2.2.tar.gz", hash = "sha256:3906452339cd06a3bb07df103c2511d4cb0f7a22d8771c0b802eba15d9a642b6", size = 1067701, upload-time = "2026-08-11T19:43:39.059Z" }
wheels = [
    { url = "https://files.pythonhosted.org/packages/86/b2/bbf7f049880ab40d110e66f25122342a1f6c98d6fe3c59bb98985503c660/pyobjc_core-12.2.2-cp312-cp312-macosx_10_13_universal2.whl", hash = "sha256:122e6ad302a2abf5d4d4adb0156db751600ddf2768441696cba17b31323085e7", size = 6427637, upload-time = "2026-08-11T14:51:36.038Z" },
]

[[package]]
name = "pyobjc-framework-applicationservices"
version = "12.2.2"
source = { registry = "https://pypi.org/simple" }
dependencies = [
    { name = "pyobjc-core" },
    { name = "pyobjc-framework-cocoa" },
    { name = "pyobjc-framework-coretext" },
    { name = "pyobjc-framework-quartz" },
]
sdist = { url = "https://files.pythonhosted.org/packages/29/40/b792ecc88a9fa639318509c127f0b153cd334bd27b47df373f4b7362a36d/pyobjc_framework_applicationservices-12.2.2.tar.gz", hash = "sha256:0bcc09531d5854598fd74706d999e4ae3b7c503204d318910d02eba30e8eecef", size = 109668, upload-time = "2026-08-11T19:43:45.347Z" }
wheels = [
    { url = "https://files.pythonhosted.org/packages/00/ed/9d85751400f1cd23d71c824a57352ec4d216a8728255dc00c032c431d3ad/pyobjc_framework_applicationservices-12.2.2-cp312-cp312-macosx_10_13_universal2.whl", hash = "sha256:5506bd6b5268a97fcb79b5b021f6cbbaaf5cdff3ec87094d8870268d8cf096ed", size = 32765, upload-time = "2026-08-11T19:30:56.696Z" },
]

[[package]]
name = "pyobjc-framework-cocoa"
version = "12.2.2"
source = { registry = "https://pypi.org/simple" }
dependencies = [
    { name = "pyobjc-core" },
]
sdist = { url = "https://files.pythonhosted.org/packages/75/76/49c6da2c6a831020b4854ba20079d5a1030474bffc776b7b73c2eeff8c15/pyobjc_framework_cocoa-12.2.2.tar.gz", hash = "sha256:c96c0ef69a71afbbb0e6a7d594b455c5fe47d62e0db376ee7a2b4b828c16ace9", size = 3132831, upload-time = "2026-08-11T19:44:02.288Z" }
wheels = [
    { url = "https://files.pythonhosted.org/packages/fd/2f/b67e73d8bc367e03fe7861cd9c49fff9dcfa6db83bc0630c0adcfb25b7fa/pyobjc_framework_cocoa-12.2.2-cp312-cp312-macosx_10_13_universal2.whl", hash = "sha256:e106f395531e67694376b0f1184612cbeea3ec8b9bf56b55ef41d026171d2a2d", size = 388117, upload-time = "2026-08-11T19:32:43.161Z" },
]

[[package]]
name = "pyobjc-framework-coreml"
version = "12.2.2"
source = { registry = "https://pypi.org/simple" }
dependencies = [
    { name = "pyobjc-core" },
    { name = "pyobjc-framework-cocoa" },
]
sdist = { url = "https://files.pythonhosted.org/packages/b7/3b/c835535e7aef41afc953e5597ea41e693b7bae80d753ab74b9721e07cba5/pyobjc_framework_coreml-12.2.2.tar.gz", hash = "sha256:3e6abe134634adbcc0c1e843826e42df86e63beb3bc7e8e4a914e93179ae1e75", size = 49750, upload-time = "2026-08-11T19:44:14.011Z" }
wheels = [
    { url = "https://files.pythonhosted.org/packages/20/ab/e02409bf4e13b88812a198118e4a0e5cce35e3bd0957a2a3f879ab06ca90/pyobjc_framework_coreml-12.2.2-cp312-cp312-macosx_10_13_universal2.whl", hash = "sha256:94c129d9c1955eafc6783683ccaa08590f4cd7ef229515c8a28324032351871b", size = 11971, upload-time = "2026-08-11T19:34:12.422Z" },
]

[[package]]
name = "pyobjc-framework-coretext"
version = "12.2.2"
source = { registry = "https://pypi.org/simple" }
dependencies = [
    { name = "pyobjc-core" },
    { name = "pyobjc-framework-cocoa" },
    { name = "pyobjc-framework-quartz" },
]
sdist = { url = "https://files.pythonhosted.org/packages/6d/66/405006d3502ffcd3bc69e0b7249ab7c05a5b43a07fa3959ce6b2a84f3278/pyobjc_framework_coretext-12.2.2.tar.gz", hash = "sha256:64ddc02303217028e32e22c7cc00b5112d84e9d9a67c37d00c2e54f9172284ab", size = 97658, upload-time = "2026-08-11T19:44:17.207Z" }
wheels = [
    { url = "https://files.pythonhosted.org/packages/1c/88/e85a9268285fc0c28284dbdc869a27f5d3f2e436d2838221a6704b4f8eee/pyobjc_framework_coretext-12.2.2-cp312-cp312-macosx_10_13_universal2.whl", hash = "sha256:a69611de569d92776e6391ca25492a5bbb4a05ba744006349e377a4fc5f7c8a5", size = 30120, upload-time = "2026-08-11T19:34:41.94Z" },
]

[[package]]
name = "pyobjc-framework-quartz"
version = "12.2.2"
source = { registry = "https://pypi.org/simple" }
dependencies = [
    { name = "pyobjc-core" },
    { name = "pyobjc-framework-cocoa" },
]
sdist = { url = "https://files.pythonhosted.org/packages/35/b1/426a37c7ae37280b3ffca2571fb48f211946aee2f4ca31a603ed1943c4a7/pyobjc_framework_quartz-12.2.2.tar.gz", hash = "sha256:810f97b210cfd93704d240860286dfd6df09f9f1c52525fc5c2166723aea3f9e", size = 3218295, upload-time = "2026-08-11T19:45:15.189Z" }
wheels = [
    { url = "https://files.pythonhosted.org/packages/ed/e4/8be95d2ff850f82fb55b44c63333a00a920bf8a73642e7d9c2f3638a26d2/pyobjc_framework_quartz-12.2.2-cp312-cp312-macosx_10_13_universal2.whl", hash = "sha256:7f668979d0c7320bf8f7ed6e030da578f93ab0f5dd619b295ec735cd8d5faa34", size = 219003, upload-time = "2026-08-11T19:40:24.425Z" },
]

[[package]]
name = "pyobjc-framework-vision"
version = "12.2.2"
source = { registry = "https://pypi.org/simple" }
dependencies = [
    { name = "pyobjc-core" },
    { name = "pyobjc-framework-cocoa" },
    { name = "pyobjc-framework-coreml" },
    { name = "pyobjc-framework-quartz" },
]
sdist = { url = "https://files.pythonhosted.org/packages/ea/bf/31e8bcae94047b365592ab7533096a4025c0306a8a312b65bcbf57e073ec/pyobjc_framework_vision-12.2.2.tar.gz", hash = "sha256:a6bf78e8dca145c6a78fd8d5f925b6da54649a60a1464b81ff405bca4a08406b", size = 73289, upload-time = "2026-08-11T19:45:41.877Z" }
wheels = [
    { url = "https://files.pythonhosted.org/packages/c0/5f/7dc08bcbc802a576dafd70a838b60c369d7f1b564eb4b2fd96f328438498/pyobjc_framework_vision-12.2.2-cp312-cp312-macosx_10_13_universal2.whl", hash = "sha256:1fcb99d44ef4df33a7582467e0cd059515f1137ccecb3648ac8a59272851506a", size = 16948, upload-time = "2026-08-11T19:43:23.808Z" },
]

[[package]]
name = "pyyaml"
version = "6.0.3"
source = { registry = "https://pypi.org/simple" }
sdist = { url = "https://files.pythonhosted.org/packages/05/8e/961c0007c59b8dd7729d542c61a4d537767a59645b82a0b521206e1e25c2/pyyaml-6.0.3.tar.gz", hash = "sha256:d76623373421df22fb4cf8817020cbb7ef15c725b9d5e45f17e189bfc384190f", size = 130960, upload-time = "2025-09-25T21:33:16.546Z" }
wheels = [
    { url = "https://files.pythonhosted.org/packages/89/a0/6cf41a19a1f2f3feab0e9c0b74134aa2ce6849093d5517a0c550fe37a648/pyyaml-6.0.3-cp312-cp312-macosx_11_0_arm64.whl", hash = "sha256:fc09d0aa354569bc501d4e787133afc08552722d3ab34836a80547331bb5d4a0", size = 173973, upload-time = "2025-09-25T21:32:12.492Z" },
]

[[package]]
name = "regex"
version = "2026.9.10"
source = { registry = "https://pypi.org/simple" }
sdist = { url = "https://files.pythonhosted.org/packages/b9/5c/f403115361de25809e8f785686ec7096e30fef73be9ae35aa51da4e80abb/regex-2026.9.10.tar.gz", hash = "sha256:1e321e2c84f0e52c457f5ea5944f796d6e8e09cb99738ea98dcc1bfe402a128d", size = 417072, upload-time = "2026-09-09T21:00:21.521Z" }
wheels = [
    { url = "https://files.pythonhosted.org/packages/32/c8/bfbe893e90ee0148bd2860dd086f09b5d2080ca2b125f740c2e118c16982/regex-2026.9.10-cp312-cp312-macosx_10_13_universal2.whl", hash = "sha256:880ac684c27176464c00c3fdc456116364f5ebc70da07aad0c2d4a7ba45e98db", size = 496609, upload-time = "2026-09-09T20:57:09.987Z" },
    { url = "https://files.pythonhosted.org/packages/60/4b/0f2d5f6bbb791cc10f22f0ed16c487e630dde8fa8fa0bd92a2bfe21a4b20/regex-2026.9.10-cp312-cp312-macosx_11_0_arm64.whl", hash = "sha256:866de9f98df0611d7b62b3a8729d3284a64c0cc6edd90bb95a533e443a4939cb", size = 291905, upload-time = "2026-09-09T20:57:13.127Z" },
]

[[package]]
name = "rich"
version = "15.0.0"
source = { registry = "https://pypi.org/simple" }
dependencies = [
    { name = "markdown-it-py" },
    { name = "pygments" },
]
sdist = { url = "https://files.pythonhosted.org/packages/c0/8f/0722ca900cc807c13a6a0c696dacf35430f72e0ec571c4275d2371fca3e9/rich-15.0.0.tar.gz", hash = "sha256:edd07a4824c6b40189fb7ac9bc4c52536e9780fbbfbddf6f1e2502c31b068c36", size = 230680, upload-time = "2026-04-12T08:24:00.75Z" }
wheels = [
    { url = "https://files.pythonhosted.org/packages/82/3b/64d4899d73f91ba49a8c18a8ff3f0ea8f1c1d75481760df8c68ef5235bf5/rich-15.0.0-py3-none-any.whl", hash = "sha256:33bd4ef74232fb73fe9279a257718407f169c09b78a87ad3d296f548e27de0bb", size = 310654, upload-time = "2026-04-12T08:24:02.83Z" },
]

[[package]]
name = "safetensors"
version = "0.8.0"
source = { registry = "https://pypi.org/simple" }
sdist = { url = "https://files.pythonhosted.org/packages/45/06/f955dbbb1859e3bd23c8ac6141af5106e7ad5fedec4a3a6e3d60f94b7001/safetensors-0.8.0.tar.gz", hash = "sha256:fabaf3e0f18a6618d9b36560682562157f77c2b71fcffc7b432be2baed9d753d", size = 325846, upload-time = "2026-06-09T07:52:25.563Z" }
wheels = [
    { url = "https://files.pythonhosted.org/packages/f5/b1/fa7c600e7dceae12e9606c7578cbc9ff1e1ed55844883ee5c92205e86226/safetensors-0.8.0-cp310-abi3-macosx_11_0_arm64.whl", hash = "sha256:c80201d22cbf405b80647a60ada77bba06c8fba2da2743ba1e89cdcc39a81f25", size = 484562, upload-time = "2026-06-09T07:52:17.518Z" },
]

[[package]]
name = "setuptools"
version = "84.0.0"
source = { registry = "https://pypi.org/simple" }
sdist = { url = "https://files.pythonhosted.org/packages/6d/44/f5da03a8ef95d369145c5bb53050e7877c9f3d312e128605fd9504829143/setuptools-84.0.0.tar.gz", hash = "sha256:f4695c21257f0d9b537ec2692c941d02ee143b7cc1276941349a546573b2ef73", size = 1168449, upload-time = "2026-08-08T18:27:58.365Z" }
wheels = [
    { url = "https://files.pythonhosted.org/packages/95/9c/c510029fc6ef33a6275cd2c5d3cecd6613dfd6aa401d57c54f1c18852ccf/setuptools-84.0.0-py3-none-any.whl", hash = "sha256:51a52592b3b99e102b609654876bd65f19f999935166d1352678931132b0c670", size = 818216, upload-time = "2026-08-08T18:27:56.719Z" },
]

[[package]]
name = "shellingham"
version = "1.5.4"
source = { registry = "https://pypi.org/simple" }
sdist = { url = "https://files.pythonhosted.org/packages/58/15/8b3609fd3830ef7b27b655beb4b4e9c62313a4e8da8c676e142cc210d58e/shellingham-1.5.4.tar.gz", hash = "sha256:8dbca0739d487e5bd35ab3ca4b36e11c4078f3a234bfce294b0a0291363404de", size = 10310, upload-time = "2023-10-24T04:13:40.426Z" }
wheels = [
    { url = "https://files.pythonhosted.org/packages/e0/f9/0595336914c5619e5f28a1fb793285925a8cd4b432c9da0a987836c7f822/shellingham-1.5.4-py2.py3-none-any.whl", hash = "sha256:7ecfff8f2fd72616f7481040475a65b2bf8af90a56c89140852d1120324e8686", size = 9755, upload-time = "2023-10-24T04:13:38.866Z" },
]

[[package]]
name = "sympy"
version = "1.14.0"
source = { registry = "https://pypi.org/simple" }
dependencies = [
    { name = "mpmath" },
]
sdist = { url = "https://files.pythonhosted.org/packages/83/d3/803453b36afefb7c2bb238361cd4ae6125a569b4db67cd9e79846ba2d68c/sympy-1.14.0.tar.gz", hash = "sha256:d3d3fe8df1e5a0b42f0e7bdf50541697dbe7d23746e894990c030e2b05e72517", size = 7793921, upload-time = "2025-04-27T18:05:01.611Z" }
wheels = [
    { url = "https://files.pythonhosted.org/packages/a2/09/77d55d46fd61b4a135c444fc97158ef34a095e5681d0a6c10b75bf356191/sympy-1.14.0-py3-none-any.whl", hash = "sha256:e091cc3e99d2141a0ba2847328f5479b05d94a6635cb96148ccb3f34671bd8f5", size = 6299353, upload-time = "2025-04-27T18:04:59.103Z" },
]

[[package]]
name = "tokenizers"
version = "0.23.2"
source = { registry = "https://pypi.org/simple" }
dependencies = [
    { name = "huggingface-hub" },
]
sdist = { url = "https://files.pythonhosted.org/packages/18/1e/bc6587c5ab643b2e17776cace9070a2ae73549c86bffac9934a600bf3c31/tokenizers-0.23.2.tar.gz", hash = "sha256:7f0f085686b9de0d0079e6f874ae053600db64c5d13049e0bbc0119926d25aac", size = 385745, upload-time = "2026-09-03T08:55:42.89Z" }
wheels = [
    { url = "https://files.pythonhosted.org/packages/67/49/22da045a91732384d3a3771816bf188dc5a1f702c32e635afa7c679c0bef/tokenizers-0.23.2-cp310-abi3-macosx_11_0_arm64.whl", hash = "sha256:986670e43691469dcee610ea0f846f91a8f84e91fc6f7a48d4c064414c0ec2bf", size = 3101593, upload-time = "2026-09-03T08:55:28.587Z" },
]

[[package]]
name = "torch"
version = "2.14.0"
source = { registry = "https://pypi.org/simple" }
dependencies = [
    { name = "filelock" },
    { name = "fsspec" },
    { name = "jinja2" },
    { name = "networkx" },
    { name = "setuptools" },
    { name = "sympy" },
    { name = "typing-extensions" },
]
wheels = [
    { url = "https://files.pythonhosted.org/packages/17/76/bb4770f56cf6d8971671dbcbb7493e5a6a15ad2825f4e359b02c27c38297/torch-2.14.0-cp312-cp312-macosx_14_0_arm64.whl", hash = "sha256:c1f844f1c750e87df4b68bc3afbc0e2b0c7ef19d7b8f666e48bdcf6a0c4f0056", size = 127303200, upload-time = "2026-09-02T13:43:20.311Z" },
]

[[package]]
name = "tqdm"
version = "4.70.1"
source = { registry = "https://pypi.org/simple" }
sdist = { url = "https://files.pythonhosted.org/packages/0d/ea/b2a5bd54b28a324dae8211928b2d730b6547500342c7e6c6dea08bd0a485/tqdm-4.70.1.tar.gz", hash = "sha256:cefd0eca11b2a37a3aee776544d4f4ae913f02688135b5556b8788dfa474afc4", size = 171846, upload-time = "2026-09-11T07:25:16.601Z" }
wheels = [
    { url = "https://files.pythonhosted.org/packages/a7/03/921a3d3c75785aca9ebfbfcabfbc3a1be12e2ab5265deb026d55a5a3f83e/tqdm-4.70.1-py3-none-any.whl", hash = "sha256:c293e525e6fef9c20e8728fd4612df02a0aa31bb5fe91ecd93e123b1b7bffa73", size = 80199, upload-time = "2026-09-11T07:25:14.599Z" },
]

[[package]]
name = "transformers"
version = "5.17.0"
source = { registry = "https://pypi.org/simple" }
dependencies = [
    { name = "huggingface-hub" },
    { name = "numpy" },
    { name = "packaging" },
    { name = "pyyaml" },
    { name = "regex" },
    { name = "safetensors" },
    { name = "tokenizers" },
    { name = "tqdm" },
    { name = "typer" },
]
sdist = { url = "https://files.pythonhosted.org/packages/0e/9e/750649904a065007a838981785b2bd8d9ff26154c6c341ac67d0b7f82c68/transformers-5.17.0.tar.gz", hash = "sha256:a153be279169b55b92d8000bf4af294aed684503d091cca7804da2dd8a9de000", size = 9817878, upload-time = "2026-09-09T15:39:56.886Z" }
wheels = [
    { url = "https://files.pythonhosted.org/packages/e8/d0/c502b60d684adbd98a8dc7d5bb866842772b816ac4354e4608be240041ae/transformers-5.17.0-py3-none-any.whl", hash = "sha256:78ec1ce21579b38dfb83950a0658cd119f87212a2fcfdff478096ce9d6c03801", size = 12295140, upload-time = "2026-09-09T15:39:53.746Z" },
]

[[package]]
name = "typer"
version = "0.27.2"
source = { registry = "https://pypi.org/simple" }
dependencies = [
    { name = "annotated-doc" },
    { name = "rich" },
    { name = "shellingham" },
]
sdist = { url = "https://files.pythonhosted.org/packages/16/f7/57713ba479fd405eb76de31404b2c744c289e336b2d999511ebf51e496f7/typer-0.27.2.tar.gz", hash = "sha256:269b7eb9d3c202ca84b4bc9618cb04ebb43d3d4d1e567e4c768607232c05f945", size = 204045, upload-time = "2026-08-28T10:26:55.046Z" }
wheels = [
    { url = "https://files.pythonhosted.org/packages/dc/bf/205d0004930ede8f542fb58f601526fccf4ae7626075ca1e6c4de5d3d652/typer-0.27.2-py3-none-any.whl", hash = "sha256:b3a5fc4342d5fc8fda8fc3010b1cf117e9249aab7fae800c2eff62fd3842d97d", size = 123130, upload-time = "2026-08-28T10:26:53.752Z" },
]

[[package]]
name = "typing-extensions"
version = "4.16.0"
source = { registry = "https://pypi.org/simple" }
sdist = { url = "https://files.pythonhosted.org/packages/f6/cc/6253133b5bb138fc3306cebfbda2c520f545d36b5be2c7255cc528bb45d6/typing_extensions-4.16.0.tar.gz", hash = "sha256:dc983d19a509c94dba722ee6abd33940f7c05a89e243c47e907eb4db6f1a43e5", size = 113555, upload-time = "2026-07-02T08:40:05.92Z" }
wheels = [
    { url = "https://files.pythonhosted.org/packages/49/d3/b8441a820a491ddfc024b0b0cf0393375b75ea13866d9c66727e54c2fc80/typing_extensions-4.16.0-py3-none-any.whl", hash = "sha256:481caa481374e813c1b176ada14e97f1f67a4539ce9cfeb3f350d78d6370c2e8", size = 45571, upload-time = "2026-07-02T08:40:04.659Z" },
]
